<?xml version="1.0" encoding="UTF-8"?>
<!DOCTYPE plist PUBLIC "-//Apple//DTD PLIST 1.0//EN" "http://www.apple.com/DTDs/PropertyList-1.0.dtd">
<plist version="1.0">
<dict>
	<key>archiveVersion</key>
	<string>1</string>
	<key>classes</key>
	<dict/>
	<key>objectVersion</key>
	<string>46</string>
	<key>objects</key>
	<dict>
		<key>207F8525B175339FC8C5494F</key>
		<dict>
			<key>buildActionMask</key>
			<string>2147483647</string>
			<key>files</key>
			<array/>
			<key>inputPaths</key>
			<array/>
			<key>isa</key>
			<string>PBXShellScriptBuildPhase</string>
			<key>name</key>
			<string>Check Pods Manifest.lock</string>
			<key>outputPaths</key>
			<array/>
			<key>runOnlyForDeploymentPostprocessing</key>
			<string>0</string>
			<key>shellPath</key>
			<string>/bin/sh</string>
			<key>shellScript</key>
			<string>diff "${PODS_ROOT}/../Podfile.lock" "${PODS_ROOT}/Manifest.lock" &gt; /dev/null
if [[ $? != 0 ]] ; then
    cat &lt;&lt; EOM
error: The sandbox is not in sync with the Podfile.lock. Run 'pod install' or update your CocoaPods installation.
EOM
    exit 1
fi
</string>
			<key>showEnvVarsInLog</key>
			<string>0</string>
		</dict>
		<key>216646011A762FC8004A3378</key>
		<dict>
			<key>fileEncoding</key>
			<string>4</string>
			<key>isa</key>
			<string>PBXFileReference</string>
			<key>lastKnownFileType</key>
			<string>text.plist.xml</string>
			<key>name</key>
			<string>Setting.plist</string>
			<key>path</key>
			<string>PreDefinedList/Setting.plist</string>
			<key>sourceTree</key>
			<string>&lt;group&gt;</string>
		</dict>
		<key>216646021A762FC8004A3378</key>
		<dict>
			<key>fileRef</key>
			<string>216646011A762FC8004A3378</string>
			<key>isa</key>
			<string>PBXBuildFile</string>
		</dict>
		<key>216646031A763C55004A3378</key>
		<dict>
			<key>isa</key>
			<string>PBXFileReference</string>
			<key>lastKnownFileType</key>
			<string>wrapper.framework</string>
			<key>name</key>
			<string>CoreLocation.framework</string>
			<key>path</key>
			<string>System/Library/Frameworks/CoreLocation.framework</string>
			<key>sourceTree</key>
			<string>SDKROOT</string>
		</dict>
		<key>216646041A763C55004A3378</key>
		<dict>
			<key>fileRef</key>
			<string>216646031A763C55004A3378</string>
			<key>isa</key>
			<string>PBXBuildFile</string>
		</dict>
		<key>21CE81941A809A3300E04F96</key>
		<dict>
			<key>children</key>
			<array>
				<string>9614839E1A74D11E001CFA97</string>
				<string>967F8F751A94DA6000AB4E5D</string>
			</array>
			<key>isa</key>
			<string>PBXGroup</string>
			<key>name</key>
			<string>Lib</string>
			<key>sourceTree</key>
			<string>&lt;group&gt;</string>
		</dict>
		<key>21CE81951A809A3F00E04F96</key>
		<dict>
			<key>children</key>
			<array>
				<string>21CE81961A809B4F00E04F96</string>
				<string>96BE79BB1A8A377B000D60A3</string>
			</array>
			<key>isa</key>
			<string>PBXGroup</string>
			<key>name</key>
			<string>ServerAPI</string>
			<key>sourceTree</key>
			<string>&lt;group&gt;</string>
		</dict>
		<key>21CE81961A809B4F00E04F96</key>
		<dict>
			<key>fileEncoding</key>
			<string>4</string>
			<key>isa</key>
			<string>PBXFileReference</string>
			<key>lastKnownFileType</key>
			<string>sourcecode.swift</string>
			<key>path</key>
			<string>Restuarants.swift</string>
			<key>sourceTree</key>
			<string>&lt;group&gt;</string>
		</dict>
		<key>21CE81971A809B4F00E04F96</key>
		<dict>
			<key>fileRef</key>
			<string>21CE81961A809B4F00E04F96</string>
			<key>isa</key>
			<string>PBXBuildFile</string>
		</dict>
		<key>21F1E0D21A721DC500CD9B56</key>
		<dict>
			<key>fileEncoding</key>
			<string>4</string>
			<key>isa</key>
			<string>PBXFileReference</string>
			<key>lastKnownFileType</key>
			<string>sourcecode.swift</string>
			<key>path</key>
			<string>MenuCell.swift</string>
			<key>sourceTree</key>
			<string>&lt;group&gt;</string>
		</dict>
		<key>21F1E0D31A721DC500CD9B56</key>
		<dict>
			<key>fileRef</key>
			<string>21F1E0D21A721DC500CD9B56</string>
			<key>isa</key>
			<string>PBXBuildFile</string>
		</dict>
		<key>21F1E0D41A72217800CD9B56</key>
		<dict>
			<key>fileEncoding</key>
			<string>4</string>
			<key>isa</key>
			<string>PBXFileReference</string>
			<key>lastKnownFileType</key>
			<string>sourcecode.swift</string>
			<key>path</key>
			<string>Menu.swift</string>
			<key>sourceTree</key>
			<string>&lt;group&gt;</string>
		</dict>
		<key>21F1E0D51A72217800CD9B56</key>
		<dict>
			<key>fileRef</key>
			<string>21F1E0D41A72217800CD9B56</string>
			<key>isa</key>
			<string>PBXBuildFile</string>
		</dict>
		<key>21F1E0D81A7253AF00CD9B56</key>
		<dict>
			<key>isa</key>
			<string>PBXFileReference</string>
			<key>lastKnownFileType</key>
			<string>image.png</string>
			<key>path</key>
			<string>nav_bg.png</string>
			<key>sourceTree</key>
			<string>&lt;group&gt;</string>
		</dict>
		<key>21F1E0D91A7253AF00CD9B56</key>
		<dict>
			<key>fileRef</key>
			<string>21F1E0D81A7253AF00CD9B56</string>
			<key>isa</key>
			<string>PBXBuildFile</string>
		</dict>
		<key>21F1E0DA1A72564900CD9B56</key>
		<dict>
			<key>isa</key>
			<string>PBXFileReference</string>
			<key>lastKnownFileType</key>
			<string>image.png</string>
			<key>path</key>
			<string>nav_bg@2.png</string>
			<key>sourceTree</key>
			<string>&lt;group&gt;</string>
		</dict>
		<key>21F1E0DB1A72564900CD9B56</key>
		<dict>
			<key>fileRef</key>
			<string>21F1E0DA1A72564900CD9B56</string>
			<key>isa</key>
			<string>PBXBuildFile</string>
		</dict>
		<key>3096BEDF90770C427F8C306B</key>
		<dict>
			<key>children</key>
			<array>
				<string>6BFDEAA7DEF470032ACB0A21</string>
				<string>AFEDED8D4FDE6C0624CBD08E</string>
			</array>
			<key>isa</key>
			<string>PBXGroup</string>
			<key>name</key>
			<string>Pods</string>
			<key>sourceTree</key>
			<string>&lt;group&gt;</string>
		</dict>
		<key>337772351850B519D8504993</key>
		<dict>
			<key>buildActionMask</key>
			<string>2147483647</string>
			<key>files</key>
			<array/>
			<key>inputPaths</key>
			<array/>
			<key>isa</key>
			<string>PBXShellScriptBuildPhase</string>
			<key>name</key>
			<string>Copy Pods Resources</string>
			<key>outputPaths</key>
			<array/>
			<key>runOnlyForDeploymentPostprocessing</key>
			<string>0</string>
			<key>shellPath</key>
			<string>/bin/sh</string>
			<key>shellScript</key>
			<string>"${SRCROOT}/Pods/Target Support Files/Pods/Pods-resources.sh"
</string>
			<key>showEnvVarsInLog</key>
			<string>0</string>
		</dict>
		<key>6BFDEAA7DEF470032ACB0A21</key>
		<dict>
			<key>includeInIndex</key>
			<string>1</string>
			<key>isa</key>
			<string>PBXFileReference</string>
			<key>lastKnownFileType</key>
			<string>text.xcconfig</string>
			<key>name</key>
			<string>Pods.debug.xcconfig</string>
			<key>path</key>
			<string>Pods/Target Support Files/Pods/Pods.debug.xcconfig</string>
			<key>sourceTree</key>
			<string>&lt;group&gt;</string>
		</dict>
		<key>9614839E1A74D11E001CFA97</key>
		<dict>
			<key>fileEncoding</key>
			<string>4</string>
			<key>isa</key>
			<string>PBXFileReference</string>
			<key>lastKnownFileType</key>
			<string>sourcecode.swift</string>
			<key>name</key>
			<string>Const.swift</string>
			<key>path</key>
			<string>lib/Const.swift</string>
			<key>sourceTree</key>
			<string>&lt;group&gt;</string>
		</dict>
		<key>9614839F1A74D11E001CFA97</key>
		<dict>
			<key>fileRef</key>
			<string>9614839E1A74D11E001CFA97</string>
			<key>isa</key>
			<string>PBXBuildFile</string>
		</dict>
		<key>961483A01A74EB9D001CFA97</key>
		<dict>
			<key>fileEncoding</key>
			<string>4</string>
			<key>isa</key>
			<string>PBXFileReference</string>
			<key>lastKnownFileType</key>
			<string>text.plist.xml</string>
			<key>name</key>
			<string>CurrencySignList.plist</string>
			<key>path</key>
			<string>PreDefinedList/CurrencySignList.plist</string>
			<key>sourceTree</key>
			<string>&lt;group&gt;</string>
		</dict>
		<key>961483A11A74EB9D001CFA97</key>
		<dict>
			<key>fileRef</key>
			<string>961483A01A74EB9D001CFA97</string>
			<key>isa</key>
			<string>PBXBuildFile</string>
		</dict>
		<key>961E4E9A1A792791005F7912</key>
		<dict>
			<key>isa</key>
			<string>PBXFileReference</string>
			<key>lastKnownFileType</key>
			<string>wrapper.framework</string>
			<key>name</key>
			<string>Alamofire.framework</string>
			<key>path</key>
			<string>Carthage/Build/iOS/Alamofire.framework</string>
			<key>sourceTree</key>
			<string>&lt;group&gt;</string>
		</dict>
		<key>961E4E9B1A792791005F7912</key>
		<dict>
			<key>fileRef</key>
			<string>961E4E9A1A792791005F7912</string>
			<key>isa</key>
			<string>PBXBuildFile</string>
		</dict>
		<key>961E4E9C1A79281F005F7912</key>
		<dict>
			<key>buildActionMask</key>
			<string>2147483647</string>
			<key>files</key>
			<array/>
			<key>inputPaths</key>
			<array>
				<string>$(SRCROOT)/Carthage/Build/iOS/Alamofire.framework</string>
				<string>$(SRCROOT)/Carthage/Build/iOS/SwiftyJSON.framework</string>
			</array>
			<key>isa</key>
			<string>PBXShellScriptBuildPhase</string>
			<key>outputPaths</key>
			<array/>
			<key>runOnlyForDeploymentPostprocessing</key>
			<string>0</string>
			<key>shellPath</key>
			<string>/usr/local/bin/carthage copy-frameworks</string>
			<key>shellScript</key>
			<string></string>
		</dict>
		<key>96347B301A6A528E002800AD</key>
		<dict>
			<key>children</key>
			<array/>
			<key>isa</key>
			<string>PBXGroup</string>
			<key>path</key>
			<string>Mockups UI</string>
			<key>sourceTree</key>
			<string>&lt;group&gt;</string>
		</dict>
		<key>967949CE1A627BF900FB747C</key>
		<dict>
			<key>children</key>
			<array>
				<string>96FA4B141A7FE1BE00D08824</string>
				<string>961E4E9A1A792791005F7912</string>
				<string>216646031A763C55004A3378</string>
				<string>967949D91A627BF900FB747C</string>
				<string>967949F21A627BFA00FB747C</string>
				<string>967949D81A627BF900FB747C</string>
				<string>3096BEDF90770C427F8C306B</string>
				<string>A3F8ABB38BE691C5EDE75C44</string>
			</array>
			<key>isa</key>
			<string>PBXGroup</string>
			<key>sourceTree</key>
			<string>&lt;group&gt;</string>
		</dict>
		<key>967949CF1A627BF900FB747C</key>
		<dict>
			<key>attributes</key>
			<dict>
				<key>LastUpgradeCheck</key>
				<string>0610</string>
				<key>ORGANIZATIONNAME</key>
				<string>Benri</string>
				<key>TargetAttributes</key>
				<dict>
					<key>967949D61A627BF900FB747C</key>
					<dict>
						<key>CreatedOnToolsVersion</key>
						<string>6.1.1</string>
						<key>DevelopmentTeam</key>
						<string>B92W98DN9L</string>
					</dict>
					<key>967949EE1A627BFA00FB747C</key>
					<dict>
						<key>CreatedOnToolsVersion</key>
						<string>6.1.1</string>
						<key>DevelopmentTeam</key>
						<string>B92W98DN9L</string>
						<key>TestTargetID</key>
						<string>967949D61A627BF900FB747C</string>
					</dict>
				</dict>
			</dict>
			<key>buildConfigurationList</key>
			<string>967949D21A627BF900FB747C</string>
			<key>compatibilityVersion</key>
			<string>Xcode 3.2</string>
			<key>developmentRegion</key>
			<string>English</string>
			<key>hasScannedForEncodings</key>
			<string>0</string>
			<key>isa</key>
			<string>PBXProject</string>
			<key>knownRegions</key>
			<array>
				<string>en</string>
				<string>Base</string>
			</array>
			<key>mainGroup</key>
			<string>967949CE1A627BF900FB747C</string>
			<key>productRefGroup</key>
			<string>967949D81A627BF900FB747C</string>
			<key>projectDirPath</key>
			<string></string>
			<key>projectReferences</key>
			<array/>
			<key>projectRoot</key>
			<string></string>
			<key>targets</key>
			<array>
				<string>967949D61A627BF900FB747C</string>
				<string>967949EE1A627BFA00FB747C</string>
			</array>
		</dict>
		<key>967949D21A627BF900FB747C</key>
		<dict>
			<key>buildConfigurations</key>
			<array>
				<string>967949F71A627BFA00FB747C</string>
				<string>967949F81A627BFA00FB747C</string>
			</array>
			<key>defaultConfigurationIsVisible</key>
			<string>0</string>
			<key>defaultConfigurationName</key>
			<string>Release</string>
			<key>isa</key>
			<string>XCConfigurationList</string>
		</dict>
		<key>967949D31A627BF900FB747C</key>
		<dict>
			<key>buildActionMask</key>
			<string>2147483647</string>
			<key>files</key>
			<array>
				<string>9692AFA91A85D26C00022E42</string>
				<string>967F8F761A94DA6000AB4E5D</string>
				<string>21CE81971A809B4F00E04F96</string>
				<string>967949E21A627BFA00FB747C</string>
				<string>967949E01A627BF900FB747C</string>
				<string>21F1E0D31A721DC500CD9B56</string>
				<string>96FEACDF1A8610D80075531A</string>
				<string>96BE79BC1A8A377B000D60A3</string>
				<string>967949DD1A627BF900FB747C</string>
				<string>21F1E0D51A72217800CD9B56</string>
				<string>9614839F1A74D11E001CFA97</string>
				<string>96FEACE11A8613690075531A</string>
			</array>
			<key>isa</key>
			<string>PBXSourcesBuildPhase</string>
			<key>runOnlyForDeploymentPostprocessing</key>
			<string>0</string>
		</dict>
		<key>967949D41A627BF900FB747C</key>
		<dict>
			<key>buildActionMask</key>
			<string>2147483647</string>
			<key>files</key>
			<array>
				<string>216646041A763C55004A3378</string>
				<string>961E4E9B1A792791005F7912</string>
				<string>96FA4B151A7FE1BE00D08824</string>
				<string>DDEC9F4995C04726555E15A6</string>
			</array>
			<key>isa</key>
			<string>PBXFrameworksBuildPhase</string>
			<key>runOnlyForDeploymentPostprocessing</key>
			<string>0</string>
		</dict>
		<key>967949D51A627BF900FB747C</key>
		<dict>
			<key>buildActionMask</key>
			<string>2147483647</string>
			<key>files</key>
			<array>
				<string>961483A11A74EB9D001CFA97</string>
				<string>21F1E0D91A7253AF00CD9B56</string>
				<string>216646021A762FC8004A3378</string>
				<string>9680BA4A1A87245700C81181</string>
				<string>967949E51A627BFA00FB747C</string>
				<string>96CC00231A862BA10057E62B</string>
				<string>967949EA1A627BFA00FB747C</string>
				<string>96FEACD61A8606360075531A</string>
				<string>21F1E0DB1A72564900CD9B56</string>
				<string>967949E71A627BFA00FB747C</string>
			</array>
			<key>isa</key>
			<string>PBXResourcesBuildPhase</string>
			<key>runOnlyForDeploymentPostprocessing</key>
			<string>0</string>
		</dict>
		<key>967949D61A627BF900FB747C</key>
		<dict>
			<key>buildConfigurationList</key>
			<string>967949F91A627BFA00FB747C</string>
			<key>buildPhases</key>
			<array>
				<string>207F8525B175339FC8C5494F</string>
				<string>967949D31A627BF900FB747C</string>
				<string>967949D41A627BF900FB747C</string>
				<string>967949D51A627BF900FB747C</string>
				<string>961E4E9C1A79281F005F7912</string>
				<string>337772351850B519D8504993</string>
			</array>
			<key>buildRules</key>
			<array/>
			<key>dependencies</key>
			<array/>
			<key>isa</key>
			<string>PBXNativeTarget</string>
			<key>name</key>
			<string>adam</string>
			<key>productName</key>
			<string>adam</string>
			<key>productReference</key>
			<string>967949D71A627BF900FB747C</string>
			<key>productType</key>
			<string>com.apple.product-type.application</string>
		</dict>
		<key>967949D71A627BF900FB747C</key>
		<dict>
			<key>explicitFileType</key>
			<string>wrapper.application</string>
			<key>includeInIndex</key>
			<string>0</string>
			<key>isa</key>
			<string>PBXFileReference</string>
			<key>path</key>
			<string>adam.app</string>
			<key>sourceTree</key>
			<string>BUILT_PRODUCTS_DIR</string>
		</dict>
		<key>967949D81A627BF900FB747C</key>
		<dict>
			<key>children</key>
			<array>
				<string>967949D71A627BF900FB747C</string>
				<string>967949EF1A627BFA00FB747C</string>
			</array>
			<key>isa</key>
			<string>PBXGroup</string>
			<key>name</key>
			<string>Products</string>
			<key>sourceTree</key>
			<string>&lt;group&gt;</string>
		</dict>
		<key>967949D91A627BF900FB747C</key>
		<dict>
			<key>children</key>
			<array>
				<string>9680BA4B1A87246200C81181</string>
				<string>96FEACD71A8606460075531A</string>
				<string>9692AFAA1A85D27300022E42</string>
				<string>21CE81941A809A3300E04F96</string>
				<string>21CE81951A809A3F00E04F96</string>
				<string>21F1E0D21A721DC500CD9B56</string>
				<string>21F1E0D41A72217800CD9B56</string>
				<string>967949DC1A627BF900FB747C</string>
				<string>961483A01A74EB9D001CFA97</string>
				<string>216646011A762FC8004A3378</string>
				<string>967949E31A627BFA00FB747C</string>
				<string>967949E61A627BFA00FB747C</string>
				<string>96347B301A6A528E002800AD</string>
				<string>967949E81A627BFA00FB747C</string>
				<string>21F1E0D81A7253AF00CD9B56</string>
				<string>21F1E0DA1A72564900CD9B56</string>
				<string>967949DE1A627BF900FB747C</string>
				<string>967949DA1A627BF900FB747C</string>
			</array>
			<key>isa</key>
			<string>PBXGroup</string>
			<key>path</key>
			<string>adam</string>
			<key>sourceTree</key>
			<string>&lt;group&gt;</string>
		</dict>
		<key>967949DA1A627BF900FB747C</key>
		<dict>
			<key>children</key>
			<array>
				<string>967949DB1A627BF900FB747C</string>
			</array>
			<key>isa</key>
			<string>PBXGroup</string>
			<key>name</key>
			<string>Supporting Files</string>
			<key>sourceTree</key>
			<string>&lt;group&gt;</string>
		</dict>
		<key>967949DB1A627BF900FB747C</key>
		<dict>
			<key>isa</key>
			<string>PBXFileReference</string>
			<key>lastKnownFileType</key>
			<string>text.plist.xml</string>
			<key>path</key>
			<string>Info.plist</string>
			<key>sourceTree</key>
			<string>&lt;group&gt;</string>
		</dict>
		<key>967949DC1A627BF900FB747C</key>
		<dict>
			<key>isa</key>
			<string>PBXFileReference</string>
			<key>lastKnownFileType</key>
			<string>sourcecode.swift</string>
			<key>path</key>
			<string>AppDelegate.swift</string>
			<key>sourceTree</key>
			<string>&lt;group&gt;</string>
		</dict>
		<key>967949DD1A627BF900FB747C</key>
		<dict>
			<key>fileRef</key>
			<string>967949DC1A627BF900FB747C</string>
			<key>isa</key>
			<string>PBXBuildFile</string>
		</dict>
		<key>967949DE1A627BF900FB747C</key>
		<dict>
			<key>children</key>
			<array>
				<string>967949DF1A627BF900FB747C</string>
			</array>
			<key>currentVersion</key>
			<string>967949DF1A627BF900FB747C</string>
			<key>isa</key>
			<string>XCVersionGroup</string>
			<key>path</key>
			<string>adam.xcdatamodeld</string>
			<key>sourceTree</key>
			<string>&lt;group&gt;</string>
			<key>versionGroupType</key>
			<string>wrapper.xcdatamodel</string>
		</dict>
		<key>967949DF1A627BF900FB747C</key>
		<dict>
			<key>isa</key>
			<string>PBXFileReference</string>
			<key>lastKnownFileType</key>
			<string>wrapper.xcdatamodel</string>
			<key>path</key>
			<string>adam.xcdatamodel</string>
			<key>sourceTree</key>
			<string>&lt;group&gt;</string>
		</dict>
		<key>967949E01A627BF900FB747C</key>
		<dict>
			<key>fileRef</key>
			<string>967949DE1A627BF900FB747C</string>
			<key>isa</key>
			<string>PBXBuildFile</string>
		</dict>
		<key>967949E11A627BF900FB747C</key>
		<dict>
			<key>isa</key>
			<string>PBXFileReference</string>
			<key>lastKnownFileType</key>
			<string>sourcecode.swift</string>
			<key>path</key>
			<string>ViewController.swift</string>
			<key>sourceTree</key>
			<string>&lt;group&gt;</string>
		</dict>
		<key>967949E21A627BFA00FB747C</key>
		<dict>
			<key>fileRef</key>
			<string>967949E11A627BF900FB747C</string>
			<key>isa</key>
			<string>PBXBuildFile</string>
		</dict>
		<key>967949E31A627BFA00FB747C</key>
		<dict>
			<key>children</key>
			<array>
				<string>967949E41A627BFA00FB747C</string>
			</array>
			<key>isa</key>
			<string>PBXVariantGroup</string>
			<key>name</key>
			<string>Main.storyboard</string>
			<key>sourceTree</key>
			<string>&lt;group&gt;</string>
		</dict>
		<key>967949E41A627BFA00FB747C</key>
		<dict>
			<key>isa</key>
			<string>PBXFileReference</string>
			<key>lastKnownFileType</key>
			<string>file.storyboard</string>
			<key>name</key>
			<string>Base</string>
			<key>path</key>
			<string>Base.lproj/Main.storyboard</string>
			<key>sourceTree</key>
			<string>&lt;group&gt;</string>
		</dict>
		<key>967949E51A627BFA00FB747C</key>
		<dict>
			<key>fileRef</key>
			<string>967949E31A627BFA00FB747C</string>
			<key>isa</key>
			<string>PBXBuildFile</string>
		</dict>
		<key>967949E61A627BFA00FB747C</key>
		<dict>
			<key>isa</key>
			<string>PBXFileReference</string>
			<key>lastKnownFileType</key>
			<string>folder.assetcatalog</string>
			<key>path</key>
			<string>Images.xcassets</string>
			<key>sourceTree</key>
			<string>&lt;group&gt;</string>
		</dict>
		<key>967949E71A627BFA00FB747C</key>
		<dict>
			<key>fileRef</key>
			<string>967949E61A627BFA00FB747C</string>
			<key>isa</key>
			<string>PBXBuildFile</string>
		</dict>
		<key>967949E81A627BFA00FB747C</key>
		<dict>
			<key>children</key>
			<array>
				<string>967949E91A627BFA00FB747C</string>
			</array>
			<key>isa</key>
			<string>PBXVariantGroup</string>
			<key>name</key>
			<string>LaunchScreen.xib</string>
			<key>sourceTree</key>
			<string>&lt;group&gt;</string>
		</dict>
		<key>967949E91A627BFA00FB747C</key>
		<dict>
			<key>isa</key>
			<string>PBXFileReference</string>
			<key>lastKnownFileType</key>
			<string>file.xib</string>
			<key>name</key>
			<string>Base</string>
			<key>path</key>
			<string>Base.lproj/LaunchScreen.xib</string>
			<key>sourceTree</key>
			<string>&lt;group&gt;</string>
		</dict>
		<key>967949EA1A627BFA00FB747C</key>
		<dict>
			<key>fileRef</key>
			<string>967949E81A627BFA00FB747C</string>
			<key>isa</key>
			<string>PBXBuildFile</string>
		</dict>
		<key>967949EB1A627BFA00FB747C</key>
		<dict>
			<key>buildActionMask</key>
			<string>2147483647</string>
			<key>files</key>
			<array>
				<string>967949F61A627BFA00FB747C</string>
			</array>
			<key>isa</key>
			<string>PBXSourcesBuildPhase</string>
			<key>runOnlyForDeploymentPostprocessing</key>
			<string>0</string>
		</dict>
		<key>967949EC1A627BFA00FB747C</key>
		<dict>
			<key>buildActionMask</key>
			<string>2147483647</string>
			<key>files</key>
			<array/>
			<key>isa</key>
			<string>PBXFrameworksBuildPhase</string>
			<key>runOnlyForDeploymentPostprocessing</key>
			<string>0</string>
		</dict>
		<key>967949ED1A627BFA00FB747C</key>
		<dict>
			<key>buildActionMask</key>
			<string>2147483647</string>
			<key>files</key>
			<array/>
			<key>isa</key>
			<string>PBXResourcesBuildPhase</string>
			<key>runOnlyForDeploymentPostprocessing</key>
			<string>0</string>
		</dict>
		<key>967949EE1A627BFA00FB747C</key>
		<dict>
			<key>buildConfigurationList</key>
			<string>967949FC1A627BFA00FB747C</string>
			<key>buildPhases</key>
			<array>
				<string>967949EB1A627BFA00FB747C</string>
				<string>967949EC1A627BFA00FB747C</string>
				<string>967949ED1A627BFA00FB747C</string>
			</array>
			<key>buildRules</key>
			<array/>
			<key>dependencies</key>
			<array>
				<string>967949F11A627BFA00FB747C</string>
			</array>
			<key>isa</key>
			<string>PBXNativeTarget</string>
			<key>name</key>
			<string>adamTests</string>
			<key>productName</key>
			<string>adamTests</string>
			<key>productReference</key>
			<string>967949EF1A627BFA00FB747C</string>
			<key>productType</key>
			<string>com.apple.product-type.bundle.unit-test</string>
		</dict>
		<key>967949EF1A627BFA00FB747C</key>
		<dict>
			<key>explicitFileType</key>
			<string>wrapper.cfbundle</string>
			<key>includeInIndex</key>
			<string>0</string>
			<key>isa</key>
			<string>PBXFileReference</string>
			<key>path</key>
			<string>adamTests.xctest</string>
			<key>sourceTree</key>
			<string>BUILT_PRODUCTS_DIR</string>
		</dict>
		<key>967949F01A627BFA00FB747C</key>
		<dict>
			<key>containerPortal</key>
			<string>967949CF1A627BF900FB747C</string>
			<key>isa</key>
			<string>PBXContainerItemProxy</string>
			<key>proxyType</key>
			<string>1</string>
			<key>remoteGlobalIDString</key>
			<string>967949D61A627BF900FB747C</string>
			<key>remoteInfo</key>
			<string>adam</string>
		</dict>
		<key>967949F11A627BFA00FB747C</key>
		<dict>
			<key>isa</key>
			<string>PBXTargetDependency</string>
			<key>target</key>
			<string>967949D61A627BF900FB747C</string>
			<key>targetProxy</key>
			<string>967949F01A627BFA00FB747C</string>
		</dict>
		<key>967949F21A627BFA00FB747C</key>
		<dict>
			<key>children</key>
			<array>
				<string>967949F51A627BFA00FB747C</string>
				<string>967949F31A627BFA00FB747C</string>
			</array>
			<key>isa</key>
			<string>PBXGroup</string>
			<key>path</key>
			<string>adamTests</string>
			<key>sourceTree</key>
			<string>&lt;group&gt;</string>
		</dict>
		<key>967949F31A627BFA00FB747C</key>
		<dict>
			<key>children</key>
			<array>
				<string>967949F41A627BFA00FB747C</string>
			</array>
			<key>isa</key>
			<string>PBXGroup</string>
			<key>name</key>
			<string>Supporting Files</string>
			<key>sourceTree</key>
			<string>&lt;group&gt;</string>
		</dict>
		<key>967949F41A627BFA00FB747C</key>
		<dict>
			<key>isa</key>
			<string>PBXFileReference</string>
			<key>lastKnownFileType</key>
			<string>text.plist.xml</string>
			<key>path</key>
			<string>Info.plist</string>
			<key>sourceTree</key>
			<string>&lt;group&gt;</string>
		</dict>
		<key>967949F51A627BFA00FB747C</key>
		<dict>
			<key>isa</key>
			<string>PBXFileReference</string>
			<key>lastKnownFileType</key>
			<string>sourcecode.swift</string>
			<key>path</key>
			<string>adamTests.swift</string>
			<key>sourceTree</key>
			<string>&lt;group&gt;</string>
		</dict>
		<key>967949F61A627BFA00FB747C</key>
		<dict>
			<key>fileRef</key>
			<string>967949F51A627BFA00FB747C</string>
			<key>isa</key>
			<string>PBXBuildFile</string>
		</dict>
		<key>967949F71A627BFA00FB747C</key>
		<dict>
			<key>buildSettings</key>
			<dict>
				<key>ALWAYS_SEARCH_USER_PATHS</key>
				<string>NO</string>
				<key>CLANG_CXX_LANGUAGE_STANDARD</key>
				<string>gnu++0x</string>
				<key>CLANG_CXX_LIBRARY</key>
				<string>libc++</string>
				<key>CLANG_ENABLE_MODULES</key>
				<string>YES</string>
				<key>CLANG_ENABLE_OBJC_ARC</key>
				<string>YES</string>
				<key>CLANG_WARN_BOOL_CONVERSION</key>
				<string>YES</string>
				<key>CLANG_WARN_CONSTANT_CONVERSION</key>
				<string>YES</string>
				<key>CLANG_WARN_DIRECT_OBJC_ISA_USAGE</key>
				<string>YES_ERROR</string>
				<key>CLANG_WARN_EMPTY_BODY</key>
				<string>YES</string>
				<key>CLANG_WARN_ENUM_CONVERSION</key>
				<string>YES</string>
				<key>CLANG_WARN_INT_CONVERSION</key>
				<string>YES</string>
				<key>CLANG_WARN_OBJC_ROOT_CLASS</key>
				<string>YES_ERROR</string>
				<key>CLANG_WARN_UNREACHABLE_CODE</key>
				<string>YES</string>
				<key>CLANG_WARN__DUPLICATE_METHOD_MATCH</key>
				<string>YES</string>
				<key>CODE_SIGN_IDENTITY</key>
				<string>iPhone Developer: Kittikorn Ariyasuk (9H45ZBSXPC)</string>
				<key>CODE_SIGN_IDENTITY[sdk=iphoneos*]</key>
				<string>iPhone Developer: Kittikorn Ariyasuk (9H45ZBSXPC)</string>
				<key>CODE_SIGN_IDENTITY[sdk=iphonesimulator*]</key>
				<string>iPhone Developer: Kittikorn Ariyasuk (9H45ZBSXPC)</string>
				<key>COPY_PHASE_STRIP</key>
				<string>NO</string>
				<key>ENABLE_STRICT_OBJC_MSGSEND</key>
				<string>YES</string>
				<key>GCC_C_LANGUAGE_STANDARD</key>
				<string>gnu99</string>
				<key>GCC_DYNAMIC_NO_PIC</key>
				<string>NO</string>
				<key>GCC_OPTIMIZATION_LEVEL</key>
				<string>0</string>
				<key>GCC_PREPROCESSOR_DEFINITIONS</key>
				<array>
					<string>DEBUG=1</string>
					<string>$(inherited)</string>
				</array>
				<key>GCC_SYMBOLS_PRIVATE_EXTERN</key>
				<string>NO</string>
				<key>GCC_WARN_64_TO_32_BIT_CONVERSION</key>
				<string>YES</string>
				<key>GCC_WARN_ABOUT_RETURN_TYPE</key>
				<string>YES_ERROR</string>
				<key>GCC_WARN_UNDECLARED_SELECTOR</key>
				<string>YES</string>
				<key>GCC_WARN_UNINITIALIZED_AUTOS</key>
				<string>YES_AGGRESSIVE</string>
				<key>GCC_WARN_UNUSED_FUNCTION</key>
				<string>YES</string>
				<key>GCC_WARN_UNUSED_VARIABLE</key>
				<string>YES</string>
				<key>IPHONEOS_DEPLOYMENT_TARGET</key>
				<string>8.0</string>
				<key>MTL_ENABLE_DEBUG_INFO</key>
				<string>YES</string>
				<key>ONLY_ACTIVE_ARCH</key>
				<string>YES</string>
				<key>PROVISIONING_PROFILE</key>
				<string>994f5d13-44d9-49d6-9979-6712e9ea6ff7</string>
				<key>SDKROOT</key>
				<string>iphoneos</string>
				<key>SWIFT_OPTIMIZATION_LEVEL</key>
				<string>-Onone</string>
				<key>TARGETED_DEVICE_FAMILY</key>
				<string>1,2</string>
			</dict>
			<key>isa</key>
			<string>XCBuildConfiguration</string>
			<key>name</key>
			<string>Debug</string>
		</dict>
		<key>967949F81A627BFA00FB747C</key>
		<dict>
			<key>buildSettings</key>
			<dict>
				<key>ALWAYS_SEARCH_USER_PATHS</key>
				<string>NO</string>
				<key>CLANG_CXX_LANGUAGE_STANDARD</key>
				<string>gnu++0x</string>
				<key>CLANG_CXX_LIBRARY</key>
				<string>libc++</string>
				<key>CLANG_ENABLE_MODULES</key>
				<string>YES</string>
				<key>CLANG_ENABLE_OBJC_ARC</key>
				<string>YES</string>
				<key>CLANG_WARN_BOOL_CONVERSION</key>
				<string>YES</string>
				<key>CLANG_WARN_CONSTANT_CONVERSION</key>
				<string>YES</string>
				<key>CLANG_WARN_DIRECT_OBJC_ISA_USAGE</key>
				<string>YES_ERROR</string>
				<key>CLANG_WARN_EMPTY_BODY</key>
				<string>YES</string>
				<key>CLANG_WARN_ENUM_CONVERSION</key>
				<string>YES</string>
				<key>CLANG_WARN_INT_CONVERSION</key>
				<string>YES</string>
				<key>CLANG_WARN_OBJC_ROOT_CLASS</key>
				<string>YES_ERROR</string>
				<key>CLANG_WARN_UNREACHABLE_CODE</key>
				<string>YES</string>
				<key>CLANG_WARN__DUPLICATE_METHOD_MATCH</key>
				<string>YES</string>
				<key>CODE_SIGN_IDENTITY</key>
				<string>iPhone Developer: Kittikorn Ariyasuk (9H45ZBSXPC)</string>
				<key>CODE_SIGN_IDENTITY[sdk=iphoneos*]</key>
				<string>iPhone Developer: Kittikorn Ariyasuk (9H45ZBSXPC)</string>
				<key>CODE_SIGN_IDENTITY[sdk=iphonesimulator*]</key>
				<string>iPhone Developer: Kittikorn Ariyasuk (9H45ZBSXPC)</string>
				<key>COPY_PHASE_STRIP</key>
				<string>YES</string>
				<key>ENABLE_NS_ASSERTIONS</key>
				<string>NO</string>
				<key>ENABLE_STRICT_OBJC_MSGSEND</key>
				<string>YES</string>
				<key>GCC_C_LANGUAGE_STANDARD</key>
				<string>gnu99</string>
				<key>GCC_WARN_64_TO_32_BIT_CONVERSION</key>
				<string>YES</string>
				<key>GCC_WARN_ABOUT_RETURN_TYPE</key>
				<string>YES_ERROR</string>
				<key>GCC_WARN_UNDECLARED_SELECTOR</key>
				<string>YES</string>
				<key>GCC_WARN_UNINITIALIZED_AUTOS</key>
				<string>YES_AGGRESSIVE</string>
				<key>GCC_WARN_UNUSED_FUNCTION</key>
				<string>YES</string>
				<key>GCC_WARN_UNUSED_VARIABLE</key>
				<string>YES</string>
				<key>IPHONEOS_DEPLOYMENT_TARGET</key>
				<string>8.0</string>
				<key>MTL_ENABLE_DEBUG_INFO</key>
				<string>NO</string>
				<key>PROVISIONING_PROFILE</key>
				<string>994f5d13-44d9-49d6-9979-6712e9ea6ff7</string>
				<key>SDKROOT</key>
				<string>iphoneos</string>
				<key>TARGETED_DEVICE_FAMILY</key>
				<string>1,2</string>
				<key>VALIDATE_PRODUCT</key>
				<string>YES</string>
			</dict>
			<key>isa</key>
			<string>XCBuildConfiguration</string>
			<key>name</key>
			<string>Release</string>
		</dict>
		<key>967949F91A627BFA00FB747C</key>
		<dict>
			<key>buildConfigurations</key>
			<array>
				<string>967949FA1A627BFA00FB747C</string>
				<string>967949FB1A627BFA00FB747C</string>
			</array>
			<key>defaultConfigurationIsVisible</key>
			<string>0</string>
			<key>defaultConfigurationName</key>
			<string>Release</string>
			<key>isa</key>
			<string>XCConfigurationList</string>
		</dict>
		<key>967949FA1A627BFA00FB747C</key>
		<dict>
			<key>baseConfigurationReference</key>
			<string>6BFDEAA7DEF470032ACB0A21</string>
			<key>buildSettings</key>
			<dict>
				<key>ASSETCATALOG_COMPILER_APPICON_NAME</key>
				<string>AppIcon</string>
				<key>ASSETCATALOG_COMPILER_LAUNCHIMAGE_NAME</key>
				<string>LaunchImage-2</string>
				<key>CODE_SIGN_IDENTITY</key>
				<string>iPhone Developer</string>
				<key>CODE_SIGN_IDENTITY[sdk=iphoneos*]</key>
				<string>iPhone Developer</string>
				<key>FRAMEWORK_SEARCH_PATHS</key>
				<array>
					<string>$(inherited)</string>
					<string>$(PROJECT_DIR)/Carthage/Build/iOS</string>
				</array>
				<key>INFOPLIST_FILE</key>
				<string>adam/Info.plist</string>
				<key>IPHONEOS_DEPLOYMENT_TARGET</key>
				<string>8.0</string>
				<key>LD_RUNPATH_SEARCH_PATHS</key>
				<string>$(inherited) @executable_path/Frameworks</string>
				<key>PRODUCT_NAME</key>
				<string>$(TARGET_NAME)</string>
				<key>PROVISIONING_PROFILE</key>
				<string></string>
				<key>TARGETED_DEVICE_FAMILY</key>
				<string>1</string>
			</dict>
			<key>isa</key>
			<string>XCBuildConfiguration</string>
			<key>name</key>
			<string>Debug</string>
		</dict>
		<key>967949FB1A627BFA00FB747C</key>
		<dict>
			<key>baseConfigurationReference</key>
			<string>AFEDED8D4FDE6C0624CBD08E</string>
			<key>buildSettings</key>
			<dict>
				<key>ASSETCATALOG_COMPILER_APPICON_NAME</key>
				<string>AppIcon</string>
				<key>ASSETCATALOG_COMPILER_LAUNCHIMAGE_NAME</key>
				<string>LaunchImage-2</string>
				<key>CODE_SIGN_IDENTITY</key>
				<string>iPhone Developer</string>
				<key>CODE_SIGN_IDENTITY[sdk=iphoneos*]</key>
				<string>iPhone Developer</string>
				<key>FRAMEWORK_SEARCH_PATHS</key>
				<array>
					<string>$(inherited)</string>
					<string>$(PROJECT_DIR)/Carthage/Build/iOS</string>
				</array>
				<key>INFOPLIST_FILE</key>
				<string>adam/Info.plist</string>
				<key>IPHONEOS_DEPLOYMENT_TARGET</key>
				<string>8.0</string>
				<key>LD_RUNPATH_SEARCH_PATHS</key>
				<string>$(inherited) @executable_path/Frameworks</string>
				<key>PRODUCT_NAME</key>
				<string>$(TARGET_NAME)</string>
				<key>PROVISIONING_PROFILE</key>
				<string></string>
				<key>TARGETED_DEVICE_FAMILY</key>
				<string>1</string>
			</dict>
			<key>isa</key>
			<string>XCBuildConfiguration</string>
			<key>name</key>
			<string>Release</string>
		</dict>
		<key>967949FC1A627BFA00FB747C</key>
		<dict>
			<key>buildConfigurations</key>
			<array>
				<string>967949FD1A627BFA00FB747C</string>
				<string>967949FE1A627BFA00FB747C</string>
			</array>
			<key>defaultConfigurationIsVisible</key>
			<string>0</string>
			<key>defaultConfigurationName</key>
			<string>Release</string>
			<key>isa</key>
			<string>XCConfigurationList</string>
		</dict>
		<key>967949FD1A627BFA00FB747C</key>
		<dict>
			<key>buildSettings</key>
			<dict>
				<key>BUNDLE_LOADER</key>
				<string>$(TEST_HOST)</string>
				<key>CODE_SIGN_IDENTITY</key>
				<string>iPhone Developer</string>
				<key>CODE_SIGN_IDENTITY[sdk=iphoneos*]</key>
				<string>iPhone Developer</string>
				<key>FRAMEWORK_SEARCH_PATHS</key>
				<array>
					<string>$(SDKROOT)/Developer/Library/Frameworks</string>
					<string>$(inherited)</string>
				</array>
				<key>GCC_PREPROCESSOR_DEFINITIONS</key>
				<array>
					<string>DEBUG=1</string>
					<string>$(inherited)</string>
				</array>
				<key>INFOPLIST_FILE</key>
				<string>adamTests/Info.plist</string>
				<key>LD_RUNPATH_SEARCH_PATHS</key>
				<string>$(inherited) @executable_path/Frameworks @loader_path/Frameworks</string>
				<key>PRODUCT_NAME</key>
				<string>$(TARGET_NAME)</string>
				<key>PROVISIONING_PROFILE</key>
				<string>994f5d13-44d9-49d6-9979-6712e9ea6ff7</string>
				<key>TEST_HOST</key>
				<string>$(BUILT_PRODUCTS_DIR)/adam.app/adam</string>
			</dict>
			<key>isa</key>
			<string>XCBuildConfiguration</string>
			<key>name</key>
			<string>Debug</string>
		</dict>
		<key>967949FE1A627BFA00FB747C</key>
		<dict>
			<key>buildSettings</key>
			<dict>
				<key>BUNDLE_LOADER</key>
				<string>$(TEST_HOST)</string>
				<key>CODE_SIGN_IDENTITY</key>
				<string>iPhone Developer</string>
				<key>CODE_SIGN_IDENTITY[sdk=iphoneos*]</key>
				<string>iPhone Developer</string>
				<key>FRAMEWORK_SEARCH_PATHS</key>
				<array>
					<string>$(SDKROOT)/Developer/Library/Frameworks</string>
					<string>$(inherited)</string>
				</array>
				<key>INFOPLIST_FILE</key>
				<string>adamTests/Info.plist</string>
				<key>LD_RUNPATH_SEARCH_PATHS</key>
				<string>$(inherited) @executable_path/Frameworks @loader_path/Frameworks</string>
				<key>PRODUCT_NAME</key>
				<string>$(TARGET_NAME)</string>
				<key>PROVISIONING_PROFILE</key>
				<string>994f5d13-44d9-49d6-9979-6712e9ea6ff7</string>
				<key>TEST_HOST</key>
				<string>$(BUILT_PRODUCTS_DIR)/adam.app/adam</string>
			</dict>
			<key>isa</key>
			<string>XCBuildConfiguration</string>
			<key>name</key>
			<string>Release</string>
		</dict>
		<key>967F8F751A94DA6000AB4E5D</key>
		<dict>
			<key>fileEncoding</key>
			<string>4</string>
			<key>isa</key>
			<string>PBXFileReference</string>
			<key>lastKnownFileType</key>
			<string>sourcecode.swift</string>
			<key>path</key>
			<string>HorizontalPicker.swift</string>
			<key>sourceTree</key>
			<string>&lt;group&gt;</string>
		</dict>
		<key>967F8F761A94DA6000AB4E5D</key>
		<dict>
			<key>fileRef</key>
			<string>967F8F751A94DA6000AB4E5D</string>
			<key>isa</key>
			<string>PBXBuildFile</string>
		</dict>
		<key>9680BA491A87245700C81181</key>
		<dict>
			<key>isa</key>
			<string>PBXFileReference</string>
			<key>lastKnownFileType</key>
			<string>image.png</string>
			<key>path</key>
			<string>glasses-50.png</string>
			<key>sourceTree</key>
			<string>&lt;group&gt;</string>
		</dict>
		<key>9680BA4A1A87245700C81181</key>
		<dict>
			<key>fileRef</key>
			<string>9680BA491A87245700C81181</string>
			<key>isa</key>
			<string>PBXBuildFile</string>
		</dict>
		<key>9680BA4B1A87246200C81181</key>
		<dict>
			<key>children</key>
			<array>
				<string>96FEACD51A8606360075531A</string>
				<string>9680BA491A87245700C81181</string>
			</array>
			<key>isa</key>
			<string>PBXGroup</string>
			<key>name</key>
			<string>Assets</string>
			<key>sourceTree</key>
			<string>&lt;group&gt;</string>
		</dict>
		<key>9692AFA81A85D26C00022E42</key>
		<dict>
			<key>fileEncoding</key>
			<string>4</string>
			<key>isa</key>
			<string>PBXFileReference</string>
			<key>lastKnownFileType</key>
			<string>sourcecode.swift</string>
			<key>path</key>
			<string>MenuDetailViewController.swift</string>
			<key>sourceTree</key>
			<string>&lt;group&gt;</string>
		</dict>
		<key>9692AFA91A85D26C00022E42</key>
		<dict>
			<key>fileRef</key>
			<string>9692AFA81A85D26C00022E42</string>
			<key>isa</key>
			<string>PBXBuildFile</string>
		</dict>
		<key>9692AFAA1A85D27300022E42</key>
		<dict>
			<key>children</key>
			<array>
				<string>96FEACE01A8613690075531A</string>
				<string>9692AFA81A85D26C00022E42</string>
				<string>967949E11A627BF900FB747C</string>
			</array>
			<key>isa</key>
			<string>PBXGroup</string>
			<key>name</key>
			<string>ViewController</string>
			<key>sourceTree</key>
			<string>&lt;group&gt;</string>
		</dict>
		<key>96BE79BB1A8A377B000D60A3</key>
		<dict>
			<key>fileEncoding</key>
			<string>4</string>
			<key>isa</key>
			<string>PBXFileReference</string>
			<key>lastKnownFileType</key>
			<string>sourcecode.swift</string>
			<key>path</key>
			<string>Tag.swift</string>
			<key>sourceTree</key>
			<string>&lt;group&gt;</string>
		</dict>
		<key>96BE79BC1A8A377B000D60A3</key>
		<dict>
			<key>fileRef</key>
			<string>96BE79BB1A8A377B000D60A3</string>
			<key>isa</key>
			<string>PBXBuildFile</string>
		</dict>
		<key>96CC00231A862BA10057E62B</key>
		<dict>
			<key>fileRef</key>
			<string>96CC00251A862BA10057E62B</string>
			<key>isa</key>
			<string>PBXBuildFile</string>
		</dict>
		<key>96CC00241A862BA10057E62B</key>
		<dict>
			<key>isa</key>
			<string>PBXFileReference</string>
			<key>lastKnownFileType</key>
			<string>file.xib</string>
			<key>name</key>
			<string>Base</string>
			<key>path</key>
			<string>Base.lproj/DiscoverView.xib</string>
			<key>sourceTree</key>
			<string>&lt;group&gt;</string>
		</dict>
		<key>96CC00251A862BA10057E62B</key>
		<dict>
			<key>children</key>
			<array>
				<string>96CC00241A862BA10057E62B</string>
			</array>
			<key>isa</key>
			<string>PBXVariantGroup</string>
			<key>name</key>
			<string>DiscoverView.xib</string>
			<key>sourceTree</key>
			<string>&lt;group&gt;</string>
		</dict>
		<key>96FA4B141A7FE1BE00D08824</key>
		<dict>
			<key>isa</key>
			<string>PBXFileReference</string>
			<key>lastKnownFileType</key>
			<string>wrapper.framework</string>
			<key>name</key>
			<string>SwiftyJSON.framework</string>
			<key>path</key>
			<string>Carthage/Build/iOS/SwiftyJSON.framework</string>
			<key>sourceTree</key>
			<string>&lt;group&gt;</string>
		</dict>
		<key>96FA4B151A7FE1BE00D08824</key>
		<dict>
			<key>fileRef</key>
			<string>96FA4B141A7FE1BE00D08824</string>
			<key>isa</key>
			<string>PBXBuildFile</string>
		</dict>
		<key>96FEACD51A8606360075531A</key>
		<dict>
			<key>isa</key>
			<string>PBXFileReference</string>
			<key>lastKnownFileType</key>
			<string>image.png</string>
			<key>path</key>
			<string>gobblar.png</string>
			<key>sourceTree</key>
			<string>&lt;group&gt;</string>
		</dict>
		<key>96FEACD61A8606360075531A</key>
		<dict>
			<key>fileRef</key>
			<string>96FEACD51A8606360075531A</string>
			<key>isa</key>
			<string>PBXBuildFile</string>
		</dict>
		<key>96FEACD71A8606460075531A</key>
		<dict>
			<key>children</key>
			<array>
				<string>96CC00251A862BA10057E62B</string>
				<string>96FEACDE1A8610D80075531A</string>
			</array>
			<key>isa</key>
			<string>PBXGroup</string>
			<key>name</key>
			<string>View</string>
			<key>sourceTree</key>
			<string>&lt;group&gt;</string>
		</dict>
		<key>96FEACDE1A8610D80075531A</key>
		<dict>
			<key>fileEncoding</key>
			<string>4</string>
			<key>isa</key>
			<string>PBXFileReference</string>
			<key>lastKnownFileType</key>
			<string>sourcecode.swift</string>
			<key>path</key>
			<string>DiscoverView.swift</string>
			<key>sourceTree</key>
			<string>&lt;group&gt;</string>
		</dict>
		<key>96FEACDF1A8610D80075531A</key>
		<dict>
			<key>fileRef</key>
			<string>96FEACDE1A8610D80075531A</string>
			<key>isa</key>
			<string>PBXBuildFile</string>
		</dict>
		<key>96FEACE01A8613690075531A</key>
		<dict>
			<key>fileEncoding</key>
			<string>4</string>
			<key>isa</key>
			<string>PBXFileReference</string>
			<key>lastKnownFileType</key>
			<string>sourcecode.swift</string>
			<key>path</key>
			<string>DiscoverViewController.swift</string>
			<key>sourceTree</key>
			<string>&lt;group&gt;</string>
		</dict>
		<key>96FEACE11A8613690075531A</key>
		<dict>
			<key>fileRef</key>
			<string>96FEACE01A8613690075531A</string>
			<key>isa</key>
			<string>PBXBuildFile</string>
		</dict>
		<key>A3F8ABB38BE691C5EDE75C44</key>
		<dict>
			<key>children</key>
			<array>
				<string>E4433C18C262F93AF7D52E25</string>
			</array>
			<key>isa</key>
			<string>PBXGroup</string>
			<key>name</key>
			<string>Frameworks</string>
			<key>sourceTree</key>
			<string>&lt;group&gt;</string>
		</dict>
		<key>AFEDED8D4FDE6C0624CBD08E</key>
		<dict>
			<key>includeInIndex</key>
			<string>1</string>
			<key>isa</key>
			<string>PBXFileReference</string>
			<key>lastKnownFileType</key>
			<string>text.xcconfig</string>
			<key>name</key>
			<string>Pods.release.xcconfig</string>
			<key>path</key>
			<string>Pods/Target Support Files/Pods/Pods.release.xcconfig</string>
			<key>sourceTree</key>
			<string>&lt;group&gt;</string>
		</dict>
		<key>DDEC9F4995C04726555E15A6</key>
		<dict>
			<key>fileRef</key>
			<string>E4433C18C262F93AF7D52E25</string>
			<key>isa</key>
			<string>PBXBuildFile</string>
		</dict>
		<key>E4433C18C262F93AF7D52E25</key>
		<dict>
			<key>explicitFileType</key>
			<string>archive.ar</string>
			<key>includeInIndex</key>
			<string>0</string>
			<key>isa</key>
			<string>PBXFileReference</string>
			<key>path</key>
			<string>libPods.a</string>
			<key>sourceTree</key>
			<string>BUILT_PRODUCTS_DIR</string>
		</dict>
	</dict>
	<key>rootObject</key>
	<string>967949CF1A627BF900FB747C</string>
</dict>
</plist>
